{
  "name": "@fed-ea/core-typescript",
  "version": "0.0.1",
  "lockfileVersion": 3,
  "requires": true,
  "packages": {
    "": {
      "name": "@fed-ea/core-typescript",
      "version": "0.0.1",
      "license": "MIT",
      "dependencies": {
        "typed-assert": "^1.0.9"
      },
      "devDependencies": {
        "typescript": "^5.3.3"
      }
    },
    "node_modules/typed-assert": {
      "version": "1.0.9",
      "license": "MIT"
    },
    "node_modules/typescript": {
      "version": "5.3.3",
      "dev": true,
      "license": "Apache-2.0",
      "bin": {
        "tsc": "bin/tsc",
        "tsserver": "bin/tsserver"
      },
      "engines": {
        "node": ">=14.17"
      }
    }
  }
}
